
Microsoft Visual Studio Solution File, Format Version 12.00
# Visual Studio Version 17
VisualStudioVersion = 17.8.34330.188
MinimumVisualStudioVersion = 10.0.40219.1
Project("{FAE04EC0-301F-11D3-BF4B-00C04F79EFBC}") = "go_fish", "go_fish.csproj", "{C7F8CA68-881C-4298-93A5-9C9549E6A3AA}"
EndProject
Global
	GlobalSection(SolutionConfigurationPlatforms) = preSolution
		Debug|Any CPU = Debug|Any CPU
		Release|Any CPU = Release|Any CPU
	EndGlobalSection
	GlobalSection(ProjectConfigurationPlatforms) = postSolution
		{C7F8CA68-881C-4298-93A5-9C9549E6A3AA}.Debug|Any CPU.ActiveCfg = Debug|Any CPU
		{C7F8CA68-881C-4298-93A5-9C9549E6A3AA}.Debug|Any CPU.Build.0 = Debug|Any CPU
		{C7F8CA68-881C-4298-93A5-9C9549E6A3AA}.Release|Any CPU.ActiveCfg = Release|Any CPU
		{C7F8CA68-881C-4298-93A5-9C9549E6A3AA}.Release|Any CPU.Build.0 = Release|Any CPU
	EndGlobalSection
	GlobalSection(SolutionProperties) = preSolution
		HideSolutionNode = FALSE
	EndGlobalSection
	GlobalSection(ExtensibilityGlobals) = postSolution
		SolutionGuid = {F8D9EF27-5555-4D28-9B7C-1C87B1C29D5C}
	EndGlobalSection
EndGlobal
